{
  "originHash" : "b227eb2d6b2124af40b7225ab61a69e16fe42db9f91be9f510c51b6e40e22bec",
  "pins" : [
    {
      "identity" : "dollup",
      "kind" : "remoteSourceControl",
      "location" : "https://github.com/ordo-one/dollup",
      "state" : {
        "revision" : "066566834355532c973c2acbc4891d41b3368ae0",
        "version" : "1.0.1"
      }
    },
    {
      "identity" : "swift-grammar",
      "kind" : "remoteSourceControl",
      "location" : "https://github.com/tayloraswift/swift-grammar",
      "state" : {
        "revision" : "0dac977b50bf677b2c3adabd7d5586a7b6e09b17",
        "version" : "0.5.0"
      }
    }
  ],
  "version" : 3
}
